// !$*UTF8*$!
{
	archiveVersion = 1;
	classes = {
	};
	objectVersion = 46;
	objects = {

/* Begin PBXBuildFile section */
		186C92821E5D007B00371461 /* AppDelegate.swift in Sources */ = {isa = PBXBuildFile; fileRef = 186C92811E5D007B00371461 /* AppDelegate.swift */; };
		186C92841E5D007B00371461 /* FirstViewController.swift in Sources */ = {isa = PBXBuildFile; fileRef = 186C92831E5D007B00371461 /* FirstViewController.swift */; };
		186C92861E5D007B00371461 /* SecondViewController.swift in Sources */ = {isa = PBXBuildFile; fileRef = 186C92851E5D007B00371461 /* SecondViewController.swift */; };
		186C92891E5D007B00371461 /* Main.storyboard in Resources */ = {isa = PBXBuildFile; fileRef = 186C92871E5D007B00371461 /* Main.storyboard */; };
		186C928B1E5D007B00371461 /* Assets.xcassets in Resources */ = {isa = PBXBuildFile; fileRef = 186C928A1E5D007B00371461 /* Assets.xcassets */; };
		186C928E1E5D007B00371461 /* LaunchScreen.storyboard in Resources */ = {isa = PBXBuildFile; fileRef = 186C928C1E5D007B00371461 /* LaunchScreen.storyboard */; };
		186C92961E5D00E300371461 /* GoogleService-Info.plist in Resources */ = {isa = PBXBuildFile; fileRef = 186C92951E5D00E300371461 /* GoogleService-Info.plist */; };
		18F826091E5E9CF7008A6DD9 /* EditViewController.swift in Sources */ = {isa = PBXBuildFile; fileRef = 18F826081E5E9CF7008A6DD9 /* EditViewController.swift */; };
		39A67CD6C5B03C26D2FD17A2 /* Pods_JaismeenApp.framework in Frameworks */ = {isa = PBXBuildFile; fileRef = A9FA12350912F285304584C4 /* Pods_JaismeenApp.framework */; };
		3FA606AC1E5D3EB6005E24DB /* TaskManager.swift in Sources */ = {isa = PBXBuildFile; fileRef = 3FA606AB1E5D3EB6005E24DB /* TaskManager.swift */; };
/* End PBXBuildFile section */

/* Begin PBXFileReference section */
		186C927E1E5D007B00371461 /* JaismeenApp.app */ = {isa = PBXFileReference; explicitFileType = wrapper.application; includeInIndex = 0; path = JaismeenApp.app; sourceTree = BUILT_PRODUCTS_DIR; };
		186C92811E5D007B00371461 /* AppDelegate.swift */ = {isa = PBXFileReference; lastKnownFileType = sourcecode.swift; path = AppDelegate.swift; sourceTree = "<group>"; };
		186C92831E5D007B00371461 /* FirstViewController.swift */ = {isa = PBXFileReference; lastKnownFileType = sourcecode.swift; path = FirstViewController.swift; sourceTree = "<group>"; };
		186C92851E5D007B00371461 /* SecondViewController.swift */ = {isa = PBXFileReference; lastKnownFileType = sourcecode.swift; path = SecondViewController.swift; sourceTree = "<group>"; };
		186C92881E5D007B00371461 /* Base */ = {isa = PBXFileReference; lastKnownFileType = file.storyboard; name = Base; path = Base.lproj/Main.storyboard; sourceTree = "<group>"; };
		186C928A1E5D007B00371461 /* Assets.xcassets */ = {isa = PBXFileReference; lastKnownFileType = folder.assetcatalog; path = Assets.xcassets; sourceTree = "<group>"; };
		186C928D1E5D007B00371461 /* Base */ = {isa = PBXFileReference; lastKnownFileType = file.storyboard; name = Base; path = Base.lproj/LaunchScreen.storyboard; sourceTree = "<group>"; };
		186C928F1E5D007C00371461 /* Info.plist */ = {isa = PBXFileReference; lastKnownFileType = text.plist.xml; path = Info.plist; sourceTree = "<group>"; };
		186C92951E5D00E300371461 /* GoogleService-Info.plist */ = {isa = PBXFileReference; fileEncoding = 4; lastKnownFileType = text.plist.xml; path = "GoogleService-Info.plist"; sourceTree = "<group>"; };
		18F826081E5E9CF7008A6DD9 /* EditViewController.swift */ = {isa = PBXFileReference; fileEncoding = 4; lastKnownFileType = sourcecode.swift; path = EditViewController.swift; sourceTree = "<group>"; };
		3FA606AB1E5D3EB6005E24DB /* TaskManager.swift */ = {isa = PBXFileReference; fileEncoding = 4; lastKnownFileType = sourcecode.swift; path = TaskManager.swift; sourceTree = "<group>"; };
		66EEBD71F17330DD4FA65251 /* Pods-JaismeenApp.debug.xcconfig */ = {isa = PBXFileReference; includeInIndex = 1; lastKnownFileType = text.xcconfig; name = "Pods-JaismeenApp.debug.xcconfig"; path = "Pods/Target Support Files/Pods-JaismeenApp/Pods-JaismeenApp.debug.xcconfig"; sourceTree = "<group>"; };
		7EB84264B7299DCB5F126795 /* Pods-JaismeenApp.release.xcconfig */ = {isa = PBXFileReference; includeInIndex = 1; lastKnownFileType = text.xcconfig; name = "Pods-JaismeenApp.release.xcconfig"; path = "Pods/Target Support Files/Pods-JaismeenApp/Pods-JaismeenApp.release.xcconfig"; sourceTree = "<group>"; };
		A9FA12350912F285304584C4 /* Pods_JaismeenApp.framework */ = {isa = PBXFileReference; explicitFileType = wrapper.framework; includeInIndex = 0; path = Pods_JaismeenApp.framework; sourceTree = BUILT_PRODUCTS_DIR; };
/* End PBXFileReference section */

/* Begin PBXFrameworksBuildPhase section */
		186C927B1E5D007B00371461 /* Frameworks */ = {
			isa = PBXFrameworksBuildPhase;
			buildActionMask = 2147483647;
			files = (
				39A67CD6C5B03C26D2FD17A2 /* Pods_JaismeenApp.framework in Frameworks */,
			);
			runOnlyForDeploymentPostprocessing = 0;
		};
/* End PBXFrameworksBuildPhase section */

/* Begin PBXGroup section */
		186C92751E5D007B00371461 = {
			isa = PBXGroup;
			children = (
				186C92801E5D007B00371461 /* JaismeenApp */,
				186C927F1E5D007B00371461 /* Products */,
				42A812813A29802F364229C2 /* Pods */,
				ED25B0F3D4322CA48CEC66F0 /* Frameworks */,
			);
			sourceTree = "<group>";
		};
		186C927F1E5D007B00371461 /* Products */ = {
			isa = PBXGroup;
			children = (
				186C927E1E5D007B00371461 /* JaismeenApp.app */,
			);
			name = Products;
			sourceTree = "<group>";
		};
		186C92801E5D007B00371461 /* JaismeenApp */ = {
			isa = PBXGroup;
			children = (
				186C92811E5D007B00371461 /* AppDelegate.swift */,
				186C92831E5D007B00371461 /* FirstViewController.swift */,
				186C92851E5D007B00371461 /* SecondViewController.swift */,
				3FA606AB1E5D3EB6005E24DB /* TaskManager.swift */,
				18F826081E5E9CF7008A6DD9 /* EditViewController.swift */,
				186C92871E5D007B00371461 /* Main.storyboard */,
				186C928A1E5D007B00371461 /* Assets.xcassets */,
				186C928C1E5D007B00371461 /* LaunchScreen.storyboard */,
				186C92951E5D00E300371461 /* GoogleService-Info.plist */,
				186C928F1E5D007C00371461 /* Info.plist */,
			);
			path = JaismeenApp;
			sourceTree = "<group>";
		};
		42A812813A29802F364229C2 /* Pods */ = {
			isa = PBXGroup;
			children = (
				66EEBD71F17330DD4FA65251 /* Pods-JaismeenApp.debug.xcconfig */,
				7EB84264B7299DCB5F126795 /* Pods-JaismeenApp.release.xcconfig */,
			);
			name = Pods;
			sourceTree = "<group>";
		};
		ED25B0F3D4322CA48CEC66F0 /* Frameworks */ = {
			isa = PBXGroup;
			children = (
				A9FA12350912F285304584C4 /* Pods_JaismeenApp.framework */,
			);
			name = Frameworks;
			sourceTree = "<group>";
		};
/* End PBXGroup section */

/* Begin PBXNativeTarget section */
		186C927D1E5D007B00371461 /* JaismeenApp */ = {
			isa = PBXNativeTarget;
			buildConfigurationList = 186C92921E5D007C00371461 /* Build configuration list for PBXNativeTarget "JaismeenApp" */;
			buildPhases = (
				F396A4545E11334F5FE8E753 /* [CP] Check Pods Manifest.lock */,
				186C927A1E5D007B00371461 /* Sources */,
				186C927B1E5D007B00371461 /* Frameworks */,
				186C927C1E5D007B00371461 /* Resources */,
				7BBB8457BFABC388C4F40BA0 /* [CP] Embed Pods Frameworks */,
				DAA3C2B66B372802F68D8C72 /* [CP] Copy Pods Resources */,
			);
			buildRules = (
			);
			dependencies = (
			);
			name = JaismeenApp;
			productName = JaismeenApp;
			productReference = 186C927E1E5D007B00371461 /* JaismeenApp.app */;
			productType = "com.apple.product-type.application";
		};
/* End PBXNativeTarget section */

/* Begin PBXProject section */
		186C92761E5D007B00371461 /* Project object */ = {
			isa = PBXProject;
			attributes = {
				LastSwiftUpdateCheck = 0820;
				LastUpgradeCheck = 0820;
				ORGANIZATIONNAME = proApptive;
				TargetAttributes = {
					186C927D1E5D007B00371461 = {
						CreatedOnToolsVersion = 8.2.1;
						ProvisioningStyle = Automatic;
					};
				};
			};
			buildConfigurationList = 186C92791E5D007B00371461 /* Build configuration list for PBXProject "JaismeenApp" */;
			compatibilityVersion = "Xcode 3.2";
			developmentRegion = English;
			hasScannedForEncodings = 0;
			knownRegions = (
				en,
				Base,
			);
			mainGroup = 186C92751E5D007B00371461;
			productRefGroup = 186C927F1E5D007B00371461 /* Products */;
			projectDirPath = "";
			projectRoot = "";
			targets = (
				186C927D1E5D007B00371461 /* JaismeenApp */,
			);
		};
/* End PBXProject section */

/* Begin PBXResourcesBuildPhase section */
		186C927C1E5D007B00371461 /* Resources */ = {
			isa = PBXResourcesBuildPhase;
			buildActionMask = 2147483647;
			files = (
				186C928E1E5D007B00371461 /* LaunchScreen.storyboard in Resources */,
				186C92961E5D00E300371461 /* GoogleService-Info.plist in Resources */,
				186C928B1E5D007B00371461 /* Assets.xcassets in Resources */,
				186C92891E5D007B00371461 /* Main.storyboard in Resources */,
			);
			runOnlyForDeploymentPostprocessing = 0;
		};
/* End PBXResourcesBuildPhase section */

/* Begin PBXShellScriptBuildPhase section */
		7BBB8457BFABC388C4F40BA0 /* [CP] Embed Pods Frameworks */ = {
			isa = PBXShellScriptBuildPhase;
			buildActionMask = 2147483647;
			files = (
			);
			inputPaths = (
			);
			name = "[CP] Embed Pods Frameworks";
			outputPaths = (
			);
			runOnlyForDeploymentPostprocessing = 0;
			shellPath = /bin/sh;
			shellScript = "\"${SRCROOT}/Pods/Target Support Files/Pods-JaismeenApp/Pods-JaismeenApp-frameworks.sh\"\n";
			showEnvVarsInLog = 0;
		};
		DAA3C2B66B372802F68D8C72 /* [CP] Copy Pods Resources */ = {
			isa = PBXShellScriptBuildPhase;
			buildActionMask = 2147483647;
			files = (
			);
			inputPaths = (
			);
			name = "[CP] Copy Pods Resources";
			outputPaths = (
			);
			runOnlyForDeploymentPostprocessing = 0;
			shellPath = /bin/sh;
			shellScript = "\"${SRCROOT}/Pods/Target Support Files/Pods-JaismeenApp/Pods-JaismeenApp-resources.sh\"\n";
			showEnvVarsInLog = 0;
		};
		F396A4545E11334F5FE8E753 /* [CP] Check Pods Manifest.lock */ = {
			isa = PBXShellScriptBuildPhase;
			buildActionMask = 2147483647;
			files = (
			);
			inputPaths = (
			);
			name = "[CP] Check Pods Manifest.lock";
			outputPaths = (
			);
			runOnlyForDeploymentPostprocessing = 0;
			shellPath = /bin/sh;
			shellScript = "diff \"${PODS_ROOT}/../Podfile.lock\" \"${PODS_ROOT}/Manifest.lock\" > /dev/null\nif [ $? != 0 ] ; then\n    # print error to STDERR\n    echo \"error: The sandbox is not in sync with the Podfile.lock. Run 'pod install' or update your CocoaPods installation.\" >&2\n    exit 1\nfi\n";
			showEnvVarsInLog = 0;
		};
/* End PBXShellScriptBuildPhase section */

/* Begin PBXSourcesBuildPhase section */
		186C927A1E5D007B00371461 /* Sources */ = {
			isa = PBXSourcesBuildPhase;
			buildActionMask = 2147483647;
			files = (
				18F826091E5E9CF7008A6DD9 /* EditViewController.swift in Sources */,
				186C92861E5D007B00371461 /* SecondViewController.swift in Sources */,
				186C92821E5D007B00371461 /* AppDelegate.swift in Sources */,
				3FA606AC1E5D3EB6005E24DB /* TaskManager.swift in Sources */,
				186C92841E5D007B00371461 /* FirstViewController.swift in Sources */,
			);
			runOnlyForDeploymentPostprocessing = 0;
		};
/* End PBXSourcesBuildPhase section */

/* Begin PBXVariantGroup section */
		186C92871E5D007B00371461 /* Main.storyboard */ = {
			isa = PBXVariantGroup;
			children = (
				186C92881E5D007B00371461 /* Base */,
			);
			name = Main.storyboard;
			sourceTree = "<group>";
		};
		186C928C1E5D007B00371461 /* LaunchScreen.storyboard */ = {
			isa = PBXVariantGroup;
			children = (
				186C928D1E5D007B00371461 /* Base */,
			);
			name = LaunchScreen.storyboard;
			sourceTree = "<group>";
		};
/* End PBXVariantGroup section */

/* Begin XCBuildConfiguration section */
		186C92901E5D007C00371461 /* Debug */ = {
			isa = XCBuildConfiguration;
			buildSettings = {
				ALWAYS_SEARCH_USER_PATHS = NO;
				CLANG_ANALYZER_NONNULL = YES;
				CLANG_CXX_LANGUAGE_STANDARD = "gnu++0x";
				CLANG_CXX_LIBRARY = "libc++";
				CLANG_ENABLE_MODULES = YES;
				CLANG_ENABLE_OBJC_ARC = YES;
				CLANG_WARN_BOOL_CONVERSION = YES;
				CLANG_WARN_CONSTANT_CONVERSION = YES;
				CLANG_WARN_DIRECT_OBJC_ISA_USAGE = YES_ERROR;
				CLANG_WARN_DOCUMENTATION_COMMENTS = YES;
				CLANG_WARN_EMPTY_BODY = YES;
				CLANG_WARN_ENUM_CONVERSION = YES;
				CLANG_WARN_INFINITE_RECURSION = YES;
				CLANG_WARN_INT_CONVERSION = YES;
				CLANG_WARN_OBJC_ROOT_CLASS = YES_ERROR;
				CLANG_WARN_SUSPICIOUS_MOVE = YES;
				CLANG_WARN_UNREACHABLE_CODE = YES;
				CLANG_WARN__DUPLICATE_METHOD_MATCH = YES;
				"CODE_SIGN_IDENTITY[sdk=iphoneos*]" = "iPhone Developer";
				COPY_PHASE_STRIP = NO;
				DEBUG_INFORMATION_FORMAT = dwarf;
				ENABLE_STRICT_OBJC_MSGSEND = YES;
				ENABLE_TESTABILITY = YES;
				GCC_C_LANGUAGE_STANDARD = gnu99;
				GCC_DYNAMIC_NO_PIC = NO;
				GCC_NO_COMMON_BLOCKS = YES;
				GCC_OPTIMIZATION_LEVEL = 0;
				GCC_PREPROCESSOR_DEFINITIONS = (
					"DEBUG=1",
					"$(inherited)",
				);
				GCC_WARN_64_TO_32_BIT_CONVERSION = YES;
				GCC_WARN_ABOUT_RETURN_TYPE = YES_ERROR;
				GCC_WARN_UNDECLARED_SELECTOR = YES;
				GCC_WARN_UNINITIALIZED_AUTOS = YES_AGGRESSIVE;
				GCC_WARN_UNUSED_FUNCTION = YES;
				GCC_WARN_UNUSED_VARIABLE = YES;
				IPHONEOS_DEPLOYMENT_TARGET = 10.2;
				MTL_ENABLE_DEBUG_INFO = YES;
				ONLY_ACTIVE_ARCH = YES;
				SDKROOT = iphoneos;
				SWIFT_ACTIVE_COMPILATION_CONDITIONS = DEBUG;
				SWIFT_OPTIMIZATION_LEVEL = "-Onone";
				TARGETED_DEVICE_FAMILY = "1,2";
			};
			name = Debug;
		};
		186C92911E5D007C00371461 /* Release */ = {
			isa = XCBuildConfiguration;
			buildSettings = {
				ALWAYS_SEARCH_USER_PATHS = NO;
				CLANG_ANALYZER_NONNULL = YES;
				CLANG_CXX_LANGUAGE_STANDARD = "gnu++0x";
				CLANG_CXX_LIBRARY = "libc++";
				CLANG_ENABLE_MODULES = YES;
				CLANG_ENABLE_OBJC_ARC = YES;
				CLANG_WARN_BOOL_CONVERSION = YES;
				CLANG_WARN_CONSTANT_CONVERSION = YES;
				CLANG_WARN_DIRECT_OBJC_ISA_USAGE = YES_ERROR;
				CLANG_WARN_DOCUMENTATION_COMMENTS = YES;
				CLANG_WARN_EMPTY_BODY = YES;
				CLANG_WARN_ENUM_CONVERSION = YES;
				CLANG_WARN_INFINITE_RECURSION = YES;
				CLANG_WARN_INT_CONVERSION = YES;
				CLANG_WARN_OBJC_ROOT_CLASS = YES_ERROR;
				CLANG_WARN_SUSPICIOUS_MOVE = YES;
				CLANG_WARN_UNREACHABLE_CODE = YES;
				CLANG_WARN__DUPLICATE_METHOD_MATCH = YES;
				"CODE_SIGN_IDENTITY[sdk=iphoneos*]" = "iPhone Developer";
				COPY_PHASE_STRIP = NO;
				DEBUG_INFORMATION_FORMAT = "dwarf-with-dsym";
				ENABLE_NS_ASSERTIONS = NO;
				ENABLE_STRICT_OBJC_MSGSEND = YES;
				GCC_C_LANGUAGE_STANDARD = gnu99;
				GCC_NO_COMMON_BLOCKS = YES;
				GCC_WARN_64_TO_32_BIT_CONVERSION = YES;
				GCC_WARN_ABOUT_RETURN_TYPE = YES_ERROR;
				GCC_WARN_UNDECLARED_SELECTOR = YES;
				GCC_WARN_UNINITIALIZED_AUTOS = YES_AGGRESSIVE;
				GCC_WARN_UNUSED_FUNCTION = YES;
				GCC_WARN_UNUSED_VARIABLE = YES;
				IPHONEOS_DEPLOYMENT_TARGET = 10.2;
				MTL_ENABLE_DEBUG_INFO = NO;
				SDKROOT = iphoneos;
				SWIFT_OPTIMIZATION_LEVEL = "-Owholemodule";
				TARGETED_DEVICE_FAMILY = "1,2";
				VALIDATE_PRODUCT = YES;
			};
			name = Release;
		};
		186C92931E5D007C00371461 /* Debug */ = {
			isa = XCBuildConfiguration;
			baseConfigurationReference = 66EEBD71F17330DD4FA65251 /* Pods-JaismeenApp.debug.xcconfig */;
			buildSettings = {
				ASSETCATALOG_COMPILER_APPICON_NAME = AppIcon;
				INFOPLIST_FILE = JaismeenApp/Info.plist;
				LD_RUNPATH_SEARCH_PATHS = "$(inherited) @executable_path/Frameworks";
				PRODUCT_BUNDLE_IDENTIFIER = com.pro.JaismeenApp;
				PRODUCT_NAME = "$(TARGET_NAME)";
				SWIFT_VERSION = 3.0;
			};
			name = Debug;
		};
		186C92941E5D007C00371461 /* Release */ = {
			isa = XCBuildConfiguration;
			baseConfigurationReference = 7EB84264B7299DCB5F126795 /* Pods-JaismeenApp.release.xcconfig */;
			buildSettings = {
				ASSETCATALOG_COMPILER_APPICON_NAME = AppIcon;
				INFOPLIST_FILE = JaismeenApp/Info.plist;
				LD_RUNPATH_SEARCH_PATHS = "$(inherited) @executable_path/Frameworks";
				PRODUCT_BUNDLE_IDENTIFIER = com.pro.JaismeenApp;
				PRODUCT_NAME = "$(TARGET_NAME)";
				SWIFT_VERSION = 3.0;
			};
			name = Release;
		};
/* End XCBuildConfiguration section */

/* Begin XCConfigurationList section */
		186C92791E5D007B00371461 /* Build configuration list for PBXProject "JaismeenApp" */ = {
			isa = XCConfigurationList;
			buildConfigurations = (
				186C92901E5D007C00371461 /* Debug */,
				186C92911E5D007C00371461 /* Release */,
			);
			defaultConfigurationIsVisible = 0;
			defaultConfigurationName = Release;
		};
		186C92921E5D007C00371461 /* Build configuration list for PBXNativeTarget "JaismeenApp" */ = {
			isa = XCConfigurationList;
			buildConfigurations = (
				186C92931E5D007C00371461 /* Debug */,
				186C92941E5D007C00371461 /* Release */,
			);
			defaultConfigurationIsVisible = 0;
			defaultConfigurationName = Release;
		};
/* End XCConfigurationList section */
	};
	rootObject = 186C92761E5D007B00371461 /* Project object */;
}
